
Microsoft Visual Studio Solution File, Format Version 12.00
# Visual Studio 2013
VisualStudioVersion = 12.0.21005.1
MinimumVisualStudioVersion = 10.0.40219.1
Project("{FAE04EC0-301F-11D3-BF4B-00C04F79EFBC}") = "Pacze", "Pacze\Pacze.csproj", "{2BF935AF-3C5E-4743-A0AB-E1026DCC2F5C}"
EndProject
Project("{FAE04EC0-301F-11D3-BF4B-00C04F79EFBC}") = "Pacze.Tests", "Pacze.Tests\Pacze.Tests.csproj", "{6460ABF2-35FD-4410-8F34-A9DD58D988EC}"
EndProject
Global
	GlobalSection(SolutionConfigurationPlatforms) = preSolution
		Debug|Any CPU = Debug|Any CPU
		Release|Any CPU = Release|Any CPU
	EndGlobalSection
	GlobalSection(ProjectConfigurationPlatforms) = postSolution
		{2BF935AF-3C5E-4743-A0AB-E1026DCC2F5C}.Debug|Any CPU.ActiveCfg = Debug|Any CPU
		{2BF935AF-3C5E-4743-A0AB-E1026DCC2F5C}.Debug|Any CPU.Build.0 = Debug|Any CPU
		{2BF935AF-3C5E-4743-A0AB-E1026DCC2F5C}.Release|Any CPU.ActiveCfg = Release|Any CPU
		{2BF935AF-3C5E-4743-A0AB-E1026DCC2F5C}.Release|Any CPU.Build.0 = Release|Any CPU
		{6460ABF2-35FD-4410-8F34-A9DD58D988EC}.Debug|Any CPU.ActiveCfg = Debug|Any CPU
		{6460ABF2-35FD-4410-8F34-A9DD58D988EC}.Debug|Any CPU.Build.0 = Debug|Any CPU
		{6460ABF2-35FD-4410-8F34-A9DD58D988EC}.Release|Any CPU.ActiveCfg = Release|Any CPU
		{6460ABF2-35FD-4410-8F34-A9DD58D988EC}.Release|Any CPU.Build.0 = Release|Any CPU
	EndGlobalSection
	GlobalSection(SolutionProperties) = preSolution
		HideSolutionNode = FALSE
	EndGlobalSection
EndGlobal
